
Microsoft Visual Studio Solution File, Format Version 12.00
# Visual Studio Version 17
VisualStudioVersion = 17.9.34728.123
MinimumVisualStudioVersion = 10.0.40219.1
Project("{888888A0-9F3D-457C-B088-3A5042F75D52}") = "AlgoritmosFinalWeb", "AlgoritmosFinalWeb\AlgoritmosFinalWeb.pyproj", "{95475966-00DE-4459-BE6C-DB70952D2014}"
EndProject
Global
	GlobalSection(SolutionConfigurationPlatforms) = preSolution
		Debug|Any CPU = Debug|Any CPU
		Release|Any CPU = Release|Any CPU
	EndGlobalSection
	GlobalSection(ProjectConfigurationPlatforms) = postSolution
		{95475966-00DE-4459-BE6C-DB70952D2014}.Debug|Any CPU.ActiveCfg = Debug|Any CPU
		{95475966-00DE-4459-BE6C-DB70952D2014}.Release|Any CPU.ActiveCfg = Release|Any CPU
	EndGlobalSection
	GlobalSection(SolutionProperties) = preSolution
		HideSolutionNode = FALSE
	EndGlobalSection
	GlobalSection(ExtensibilityGlobals) = postSolution
		SolutionGuid = {37955F4C-9F1F-4190-9DFA-69E5DFA0572E}
	EndGlobalSection
EndGlobal
